# THIS IS AN AUTOGENERATED FILE. DO NOT EDIT THIS FILE DIRECTLY.
# yarn lockfile v1


mnemonic-words@^1.1.0:
  version "1.1.0"
  resolved "https://registry.yarnpkg.com/mnemonic-words/-/mnemonic-words-1.1.0.tgz#3a51a71aad51435a19e6ffb7028775da43357471"
  integrity sha512-b327H3DdGw5EsM+Lv6ujPrA28JPpJSQuVsG+n63h7puYerBEOE/00Jz/XJmnx1fvjSLWmFeQtSFKrhX7g3jQuQ==
